
Microsoft Visual Studio Solution File, Format Version 12.00
# Visual Studio Version 17
VisualStudioVersion = 17.0.31919.166
MinimumVisualStudioVersion = 10.0.40219.1
Project("{FAE04EC0-301F-11D3-BF4B-00C04F79EFBC}") = "CalculoIMC", "CalculoIMC\CalculoIMC.csproj", "{A7D559D9-BC72-4940-B146-33B555F0046A}"
EndProject
Global
	GlobalSection(SolutionConfigurationPlatforms) = preSolution
		Debug|Any CPU = Debug|Any CPU
		Release|Any CPU = Release|Any CPU
	EndGlobalSection
	GlobalSection(ProjectConfigurationPlatforms) = postSolution
		{A7D559D9-BC72-4940-B146-33B555F0046A}.Debug|Any CPU.ActiveCfg = Debug|Any CPU
		{A7D559D9-BC72-4940-B146-33B555F0046A}.Debug|Any CPU.Build.0 = Debug|Any CPU
		{A7D559D9-BC72-4940-B146-33B555F0046A}.Release|Any CPU.ActiveCfg = Release|Any CPU
		{A7D559D9-BC72-4940-B146-33B555F0046A}.Release|Any CPU.Build.0 = Release|Any CPU
	EndGlobalSection
	GlobalSection(SolutionProperties) = preSolution
		HideSolutionNode = FALSE
	EndGlobalSection
	GlobalSection(ExtensibilityGlobals) = postSolution
		SolutionGuid = {E94078EB-EF03-4E99-B1AA-C6D247BE29B6}
	EndGlobalSection
EndGlobal
